
Microsoft Visual Studio Solution File, Format Version 12.00
# Visual Studio Version 17
VisualStudioVersion = 17.5.002.0
MinimumVisualStudioVersion = 10.0.40219.1
Project("{9A19103F-16F7-4668-BE54-9A1E7A4F7556}") = "AnimalShelter", "AnimalShelter\AnimalShelter.csproj", "{65D004D2-84B6-4A98-BF6F-0FE4B9BA0755}"
EndProject
Project("{9A19103F-16F7-4668-BE54-9A1E7A4F7556}") = "Domain", "Domain\Domain.csproj", "{8036AA44-6A2D-4A0D-8B24-CFFBCFDDE74A}"
EndProject
Project("{9A19103F-16F7-4668-BE54-9A1E7A4F7556}") = "Graphs", "Graphs\Graphs.csproj", "{235F05B4-A873-4ED2-8277-1C2690C8B874}"
EndProject
Project("{9A19103F-16F7-4668-BE54-9A1E7A4F7556}") = "ListOfDepths", "ListOfDepths\ListOfDepths.csproj", "{00DDDA93-CAF0-41D5-A485-813D64C4A1B3}"
EndProject
Project("{9A19103F-16F7-4668-BE54-9A1E7A4F7556}") = "MinimalTree", "MinimalTree\MinimalTree.csproj", "{2E03C46F-D73C-4E91-917F-997F261543BF}"
EndProject
Project("{9A19103F-16F7-4668-BE54-9A1E7A4F7556}") = "NQueenProblem", "NQueenProblem\NQueenProblem.csproj", "{6127690E-3062-485B-AB7D-70756AB3FD01}"
EndProject
Project("{9A19103F-16F7-4668-BE54-9A1E7A4F7556}") = "OneWay", "OneWay\OneWay.csproj", "{1A0C1051-9E05-49FA-8C07-5EE6BDD3EB1A}"
EndProject
Project("{9A19103F-16F7-4668-BE54-9A1E7A4F7556}") = "PartitionLinkedList", "PartitionLinkedList\PartitionLinkedList.csproj", "{1D4FC49C-09F4-48F1-9F69-50E3F368EDB9}"
EndProject
Project("{9A19103F-16F7-4668-BE54-9A1E7A4F7556}") = "RemoveDuplicates", "RemoveDuplicates\RemoveDuplicates.csproj", "{040FA140-495D-43BC-854C-6970072D8355}"
EndProject
Project("{9A19103F-16F7-4668-BE54-9A1E7A4F7556}") = "RotateMatrix", "RotateMatrix\RotateMatrix.csproj", "{2991560F-F06C-4AF1-A885-D27D36048324}"
EndProject
Project("{9A19103F-16F7-4668-BE54-9A1E7A4F7556}") = "SortingStacks", "SortingStacks\SortingStacks.csproj", "{30FE8A2C-C22B-4C03-8195-E50F5A0EFD66}"
EndProject
Project("{9A19103F-16F7-4668-BE54-9A1E7A4F7556}") = "Utils", "Utils\Utils.csproj", "{F921BA70-054B-4DDA-B039-338ADA7E510F}"
EndProject
Project("{9A19103F-16F7-4668-BE54-9A1E7A4F7556}") = "ZeroMatrix", "ZeroMatrix\ZeroMatrix.csproj", "{D4EBDF01-8142-4DD1-B0CF-DF48AF17B050}"
EndProject
Project("{FAE04EC0-301F-11D3-BF4B-00C04F79EFBC}") = "DynamicProgramming", "DynamicProgramming\DynamicProgramming.csproj", "{BEE694C1-D79C-40E5-85DE-CCA7E3512F7D}"
EndProject
Global
	GlobalSection(SolutionConfigurationPlatforms) = preSolution
		Debug|Any CPU = Debug|Any CPU
		Release|Any CPU = Release|Any CPU
	EndGlobalSection
	GlobalSection(ProjectConfigurationPlatforms) = postSolution
		{65D004D2-84B6-4A98-BF6F-0FE4B9BA0755}.Debug|Any CPU.ActiveCfg = Debug|Any CPU
		{65D004D2-84B6-4A98-BF6F-0FE4B9BA0755}.Debug|Any CPU.Build.0 = Debug|Any CPU
		{65D004D2-84B6-4A98-BF6F-0FE4B9BA0755}.Release|Any CPU.ActiveCfg = Release|Any CPU
		{65D004D2-84B6-4A98-BF6F-0FE4B9BA0755}.Release|Any CPU.Build.0 = Release|Any CPU
		{8036AA44-6A2D-4A0D-8B24-CFFBCFDDE74A}.Debug|Any CPU.ActiveCfg = Debug|Any CPU
		{8036AA44-6A2D-4A0D-8B24-CFFBCFDDE74A}.Debug|Any CPU.Build.0 = Debug|Any CPU
		{8036AA44-6A2D-4A0D-8B24-CFFBCFDDE74A}.Release|Any CPU.ActiveCfg = Release|Any CPU
		{8036AA44-6A2D-4A0D-8B24-CFFBCFDDE74A}.Release|Any CPU.Build.0 = Release|Any CPU
		{235F05B4-A873-4ED2-8277-1C2690C8B874}.Debug|Any CPU.ActiveCfg = Debug|Any CPU
		{235F05B4-A873-4ED2-8277-1C2690C8B874}.Debug|Any CPU.Build.0 = Debug|Any CPU
		{235F05B4-A873-4ED2-8277-1C2690C8B874}.Release|Any CPU.ActiveCfg = Release|Any CPU
		{235F05B4-A873-4ED2-8277-1C2690C8B874}.Release|Any CPU.Build.0 = Release|Any CPU
		{00DDDA93-CAF0-41D5-A485-813D64C4A1B3}.Debug|Any CPU.ActiveCfg = Debug|Any CPU
		{00DDDA93-CAF0-41D5-A485-813D64C4A1B3}.Debug|Any CPU.Build.0 = Debug|Any CPU
		{00DDDA93-CAF0-41D5-A485-813D64C4A1B3}.Release|Any CPU.ActiveCfg = Release|Any CPU
		{00DDDA93-CAF0-41D5-A485-813D64C4A1B3}.Release|Any CPU.Build.0 = Release|Any CPU
		{2E03C46F-D73C-4E91-917F-997F261543BF}.Debug|Any CPU.ActiveCfg = Debug|Any CPU
		{2E03C46F-D73C-4E91-917F-997F261543BF}.Debug|Any CPU.Build.0 = Debug|Any CPU
		{2E03C46F-D73C-4E91-917F-997F261543BF}.Release|Any CPU.ActiveCfg = Release|Any CPU
		{2E03C46F-D73C-4E91-917F-997F261543BF}.Release|Any CPU.Build.0 = Release|Any CPU
		{6127690E-3062-485B-AB7D-70756AB3FD01}.Debug|Any CPU.ActiveCfg = Debug|Any CPU
		{6127690E-3062-485B-AB7D-70756AB3FD01}.Debug|Any CPU.Build.0 = Debug|Any CPU
		{6127690E-3062-485B-AB7D-70756AB3FD01}.Release|Any CPU.ActiveCfg = Release|Any CPU
		{6127690E-3062-485B-AB7D-70756AB3FD01}.Release|Any CPU.Build.0 = Release|Any CPU
		{1A0C1051-9E05-49FA-8C07-5EE6BDD3EB1A}.Debug|Any CPU.ActiveCfg = Debug|Any CPU
		{1A0C1051-9E05-49FA-8C07-5EE6BDD3EB1A}.Debug|Any CPU.Build.0 = Debug|Any CPU
		{1A0C1051-9E05-49FA-8C07-5EE6BDD3EB1A}.Release|Any CPU.ActiveCfg = Release|Any CPU
		{1A0C1051-9E05-49FA-8C07-5EE6BDD3EB1A}.Release|Any CPU.Build.0 = Release|Any CPU
		{1D4FC49C-09F4-48F1-9F69-50E3F368EDB9}.Debug|Any CPU.ActiveCfg = Debug|Any CPU
		{1D4FC49C-09F4-48F1-9F69-50E3F368EDB9}.Debug|Any CPU.Build.0 = Debug|Any CPU
		{1D4FC49C-09F4-48F1-9F69-50E3F368EDB9}.Release|Any CPU.ActiveCfg = Release|Any CPU
		{1D4FC49C-09F4-48F1-9F69-50E3F368EDB9}.Release|Any CPU.Build.0 = Release|Any CPU
		{040FA140-495D-43BC-854C-6970072D8355}.Debug|Any CPU.ActiveCfg = Debug|Any CPU
		{040FA140-495D-43BC-854C-6970072D8355}.Debug|Any CPU.Build.0 = Debug|Any CPU
		{040FA140-495D-43BC-854C-6970072D8355}.Release|Any CPU.ActiveCfg = Release|Any CPU
		{040FA140-495D-43BC-854C-6970072D8355}.Release|Any CPU.Build.0 = Release|Any CPU
		{2991560F-F06C-4AF1-A885-D27D36048324}.Debug|Any CPU.ActiveCfg = Debug|Any CPU
		{2991560F-F06C-4AF1-A885-D27D36048324}.Debug|Any CPU.Build.0 = Debug|Any CPU
		{2991560F-F06C-4AF1-A885-D27D36048324}.Release|Any CPU.ActiveCfg = Release|Any CPU
		{2991560F-F06C-4AF1-A885-D27D36048324}.Release|Any CPU.Build.0 = Release|Any CPU
		{30FE8A2C-C22B-4C03-8195-E50F5A0EFD66}.Debug|Any CPU.ActiveCfg = Debug|Any CPU
		{30FE8A2C-C22B-4C03-8195-E50F5A0EFD66}.Debug|Any CPU.Build.0 = Debug|Any CPU
		{30FE8A2C-C22B-4C03-8195-E50F5A0EFD66}.Release|Any CPU.ActiveCfg = Release|Any CPU
		{30FE8A2C-C22B-4C03-8195-E50F5A0EFD66}.Release|Any CPU.Build.0 = Release|Any CPU
		{F921BA70-054B-4DDA-B039-338ADA7E510F}.Debug|Any CPU.ActiveCfg = Debug|Any CPU
		{F921BA70-054B-4DDA-B039-338ADA7E510F}.Debug|Any CPU.Build.0 = Debug|Any CPU
		{F921BA70-054B-4DDA-B039-338ADA7E510F}.Release|Any CPU.ActiveCfg = Release|Any CPU
		{F921BA70-054B-4DDA-B039-338ADA7E510F}.Release|Any CPU.Build.0 = Release|Any CPU
		{D4EBDF01-8142-4DD1-B0CF-DF48AF17B050}.Debug|Any CPU.ActiveCfg = Debug|Any CPU
		{D4EBDF01-8142-4DD1-B0CF-DF48AF17B050}.Debug|Any CPU.Build.0 = Debug|Any CPU
		{D4EBDF01-8142-4DD1-B0CF-DF48AF17B050}.Release|Any CPU.ActiveCfg = Release|Any CPU
		{D4EBDF01-8142-4DD1-B0CF-DF48AF17B050}.Release|Any CPU.Build.0 = Release|Any CPU
		{BEE694C1-D79C-40E5-85DE-CCA7E3512F7D}.Debug|Any CPU.ActiveCfg = Debug|Any CPU
		{BEE694C1-D79C-40E5-85DE-CCA7E3512F7D}.Debug|Any CPU.Build.0 = Debug|Any CPU
		{BEE694C1-D79C-40E5-85DE-CCA7E3512F7D}.Release|Any CPU.ActiveCfg = Release|Any CPU
		{BEE694C1-D79C-40E5-85DE-CCA7E3512F7D}.Release|Any CPU.Build.0 = Release|Any CPU
	EndGlobalSection
	GlobalSection(SolutionProperties) = preSolution
		HideSolutionNode = FALSE
	EndGlobalSection
	GlobalSection(ExtensibilityGlobals) = postSolution
		SolutionGuid = {8113AEFE-493B-4BA9-AF5F-3425D3656997}
	EndGlobalSection
EndGlobal
