
Microsoft Visual Studio Solution File, Format Version 12.00
# Visual Studio Version 17
VisualStudioVersion = 17.5.002.0
MinimumVisualStudioVersion = 10.0.40219.1
Project("{9A19103F-16F7-4668-BE54-9A1E7A4F7556}") = "Domain", "Domain\Domain.csproj", "{23AAB483-302B-4714-97C8-4518DBD906CC}"
EndProject
Project("{9A19103F-16F7-4668-BE54-9A1E7A4F7556}") = "NQueenProblem", "NQueenProblem\NQueenProblem.csproj", "{90C33979-58EC-43B0-92CF-869EC48D4376}"
EndProject
Project("{9A19103F-16F7-4668-BE54-9A1E7A4F7556}") = "OneWay", "OneWay\OneWay.csproj", "{543D59FE-C056-45F5-9B22-F884F0F643F9}"
EndProject
Project("{9A19103F-16F7-4668-BE54-9A1E7A4F7556}") = "RemoveDuplicates", "RemoveDuplicates\RemoveDuplicates.csproj", "{90C4F39C-9E73-493C-984B-4F08D672D902}"
EndProject
Project("{9A19103F-16F7-4668-BE54-9A1E7A4F7556}") = "RotateMatrix", "RotateMatrix\RotateMatrix.csproj", "{B18EE82C-279B-4643-BC5F-7A5E2705114F}"
EndProject
Project("{9A19103F-16F7-4668-BE54-9A1E7A4F7556}") = "ZeroMatrix", "ZeroMatrix\ZeroMatrix.csproj", "{CD94E82E-CA44-42BC-AEB4-4C3BC0FFF64B}"
EndProject
Project("{FAE04EC0-301F-11D3-BF4B-00C04F79EFBC}") = "PartitionLinkedList", "PartitionLinkedList\PartitionLinkedList.csproj", "{E8F53F80-5096-45CA-89A3-E543A58F3C43}"
EndProject
Project("{FAE04EC0-301F-11D3-BF4B-00C04F79EFBC}") = "SortingStacks", "SortingStacks\SortingStacks.csproj", "{9A072C4D-7759-4DC5-8E38-491A3C099E30}"
EndProject
Global
	GlobalSection(SolutionConfigurationPlatforms) = preSolution
		Debug|Any CPU = Debug|Any CPU
		Release|Any CPU = Release|Any CPU
	EndGlobalSection
	GlobalSection(ProjectConfigurationPlatforms) = postSolution
		{23AAB483-302B-4714-97C8-4518DBD906CC}.Debug|Any CPU.ActiveCfg = Debug|Any CPU
		{23AAB483-302B-4714-97C8-4518DBD906CC}.Debug|Any CPU.Build.0 = Debug|Any CPU
		{23AAB483-302B-4714-97C8-4518DBD906CC}.Release|Any CPU.ActiveCfg = Release|Any CPU
		{23AAB483-302B-4714-97C8-4518DBD906CC}.Release|Any CPU.Build.0 = Release|Any CPU
		{90C33979-58EC-43B0-92CF-869EC48D4376}.Debug|Any CPU.ActiveCfg = Debug|Any CPU
		{90C33979-58EC-43B0-92CF-869EC48D4376}.Debug|Any CPU.Build.0 = Debug|Any CPU
		{90C33979-58EC-43B0-92CF-869EC48D4376}.Release|Any CPU.ActiveCfg = Release|Any CPU
		{90C33979-58EC-43B0-92CF-869EC48D4376}.Release|Any CPU.Build.0 = Release|Any CPU
		{543D59FE-C056-45F5-9B22-F884F0F643F9}.Debug|Any CPU.ActiveCfg = Debug|Any CPU
		{543D59FE-C056-45F5-9B22-F884F0F643F9}.Debug|Any CPU.Build.0 = Debug|Any CPU
		{543D59FE-C056-45F5-9B22-F884F0F643F9}.Release|Any CPU.ActiveCfg = Release|Any CPU
		{543D59FE-C056-45F5-9B22-F884F0F643F9}.Release|Any CPU.Build.0 = Release|Any CPU
		{90C4F39C-9E73-493C-984B-4F08D672D902}.Debug|Any CPU.ActiveCfg = Debug|Any CPU
		{90C4F39C-9E73-493C-984B-4F08D672D902}.Debug|Any CPU.Build.0 = Debug|Any CPU
		{90C4F39C-9E73-493C-984B-4F08D672D902}.Release|Any CPU.ActiveCfg = Release|Any CPU
		{90C4F39C-9E73-493C-984B-4F08D672D902}.Release|Any CPU.Build.0 = Release|Any CPU
		{B18EE82C-279B-4643-BC5F-7A5E2705114F}.Debug|Any CPU.ActiveCfg = Debug|Any CPU
		{B18EE82C-279B-4643-BC5F-7A5E2705114F}.Debug|Any CPU.Build.0 = Debug|Any CPU
		{B18EE82C-279B-4643-BC5F-7A5E2705114F}.Release|Any CPU.ActiveCfg = Release|Any CPU
		{B18EE82C-279B-4643-BC5F-7A5E2705114F}.Release|Any CPU.Build.0 = Release|Any CPU
		{CD94E82E-CA44-42BC-AEB4-4C3BC0FFF64B}.Debug|Any CPU.ActiveCfg = Debug|Any CPU
		{CD94E82E-CA44-42BC-AEB4-4C3BC0FFF64B}.Debug|Any CPU.Build.0 = Debug|Any CPU
		{CD94E82E-CA44-42BC-AEB4-4C3BC0FFF64B}.Release|Any CPU.ActiveCfg = Release|Any CPU
		{CD94E82E-CA44-42BC-AEB4-4C3BC0FFF64B}.Release|Any CPU.Build.0 = Release|Any CPU
		{E8F53F80-5096-45CA-89A3-E543A58F3C43}.Debug|Any CPU.ActiveCfg = Debug|Any CPU
		{E8F53F80-5096-45CA-89A3-E543A58F3C43}.Debug|Any CPU.Build.0 = Debug|Any CPU
		{E8F53F80-5096-45CA-89A3-E543A58F3C43}.Release|Any CPU.ActiveCfg = Release|Any CPU
		{E8F53F80-5096-45CA-89A3-E543A58F3C43}.Release|Any CPU.Build.0 = Release|Any CPU
		{9A072C4D-7759-4DC5-8E38-491A3C099E30}.Debug|Any CPU.ActiveCfg = Debug|Any CPU
		{9A072C4D-7759-4DC5-8E38-491A3C099E30}.Debug|Any CPU.Build.0 = Debug|Any CPU
		{9A072C4D-7759-4DC5-8E38-491A3C099E30}.Release|Any CPU.ActiveCfg = Release|Any CPU
		{9A072C4D-7759-4DC5-8E38-491A3C099E30}.Release|Any CPU.Build.0 = Release|Any CPU
	EndGlobalSection
	GlobalSection(SolutionProperties) = preSolution
		HideSolutionNode = FALSE
	EndGlobalSection
	GlobalSection(ExtensibilityGlobals) = postSolution
		SolutionGuid = {8113AEFE-493B-4BA9-AF5F-3425D3656997}
	EndGlobalSection
EndGlobal
