
Microsoft Visual Studio Solution File, Format Version 12.00
# Visual Studio Version 17
VisualStudioVersion = 17.5.002.0
MinimumVisualStudioVersion = 10.0.40219.1
Project("{9A19103F-16F7-4668-BE54-9A1E7A4F7556}") = "AnimalShelter", "AnimalShelter\AnimalShelter.csproj", "{95984116-1AE1-4FFD-8185-645D3DB2B13E}"
EndProject
Project("{9A19103F-16F7-4668-BE54-9A1E7A4F7556}") = "Domain", "Domain\Domain.csproj", "{4297E654-0F6C-4D15-BAB1-AB8B6A2BA237}"
EndProject
Project("{9A19103F-16F7-4668-BE54-9A1E7A4F7556}") = "DynamicProgramming", "DynamicProgramming\DynamicProgramming.csproj", "{499C7742-9119-4F17-AB81-C4030C55CB99}"
EndProject
Project("{9A19103F-16F7-4668-BE54-9A1E7A4F7556}") = "Graphs", "Graphs\Graphs.csproj", "{31B57BF0-FEA1-483F-BB6E-84C773FDAD1D}"
EndProject
Project("{9A19103F-16F7-4668-BE54-9A1E7A4F7556}") = "ListOfDepths", "ListOfDepths\ListOfDepths.csproj", "{C128B775-4945-4CD6-BED0-CE2C9935671F}"
EndProject
Project("{9A19103F-16F7-4668-BE54-9A1E7A4F7556}") = "MinimalTree", "MinimalTree\MinimalTree.csproj", "{ED685EE3-E4D7-4A15-9D51-11CEEE72209B}"
EndProject
Project("{9A19103F-16F7-4668-BE54-9A1E7A4F7556}") = "NQueenProblem", "NQueenProblem\NQueenProblem.csproj", "{D846CDFA-B340-419E-AD07-0B6399E1D751}"
EndProject
Project("{9A19103F-16F7-4668-BE54-9A1E7A4F7556}") = "OneWay", "OneWay\OneWay.csproj", "{C4F833A3-6749-4B91-A6A2-92C9E454D4DB}"
EndProject
Project("{9A19103F-16F7-4668-BE54-9A1E7A4F7556}") = "PartitionLinkedList", "PartitionLinkedList\PartitionLinkedList.csproj", "{9BAED29B-505D-4E0C-AADA-13CCE2592372}"
EndProject
Project("{9A19103F-16F7-4668-BE54-9A1E7A4F7556}") = "RemoveDuplicates", "RemoveDuplicates\RemoveDuplicates.csproj", "{6A761D4D-F7CE-40DC-B25E-2D2ADD8B0913}"
EndProject
Project("{9A19103F-16F7-4668-BE54-9A1E7A4F7556}") = "RotateMatrix", "RotateMatrix\RotateMatrix.csproj", "{E91C4F06-EEC6-4294-930E-5C39F8755FBC}"
EndProject
Project("{9A19103F-16F7-4668-BE54-9A1E7A4F7556}") = "SortingStacks", "SortingStacks\SortingStacks.csproj", "{7F720F70-D315-4F8D-8F0A-D6F73656D468}"
EndProject
Project("{9A19103F-16F7-4668-BE54-9A1E7A4F7556}") = "TowersOfHanoi", "TowersOfHanoi\TowersOfHanoi.csproj", "{55A42EC1-20CD-4872-A402-89F9FCFF5DDE}"
EndProject
Project("{9A19103F-16F7-4668-BE54-9A1E7A4F7556}") = "Utils", "Utils\Utils.csproj", "{7ADE72F0-5F43-4ABB-B278-AD10983F78B6}"
EndProject
Project("{9A19103F-16F7-4668-BE54-9A1E7A4F7556}") = "ZeroMatrix", "ZeroMatrix\ZeroMatrix.csproj", "{A0030510-F385-4B3B-B4E9-79CC51F33192}"
EndProject
Global
	GlobalSection(SolutionConfigurationPlatforms) = preSolution
		Debug|Any CPU = Debug|Any CPU
		Release|Any CPU = Release|Any CPU
	EndGlobalSection
	GlobalSection(ProjectConfigurationPlatforms) = postSolution
		{95984116-1AE1-4FFD-8185-645D3DB2B13E}.Debug|Any CPU.ActiveCfg = Debug|Any CPU
		{95984116-1AE1-4FFD-8185-645D3DB2B13E}.Debug|Any CPU.Build.0 = Debug|Any CPU
		{95984116-1AE1-4FFD-8185-645D3DB2B13E}.Release|Any CPU.ActiveCfg = Release|Any CPU
		{95984116-1AE1-4FFD-8185-645D3DB2B13E}.Release|Any CPU.Build.0 = Release|Any CPU
		{4297E654-0F6C-4D15-BAB1-AB8B6A2BA237}.Debug|Any CPU.ActiveCfg = Debug|Any CPU
		{4297E654-0F6C-4D15-BAB1-AB8B6A2BA237}.Debug|Any CPU.Build.0 = Debug|Any CPU
		{4297E654-0F6C-4D15-BAB1-AB8B6A2BA237}.Release|Any CPU.ActiveCfg = Release|Any CPU
		{4297E654-0F6C-4D15-BAB1-AB8B6A2BA237}.Release|Any CPU.Build.0 = Release|Any CPU
		{499C7742-9119-4F17-AB81-C4030C55CB99}.Debug|Any CPU.ActiveCfg = Debug|Any CPU
		{499C7742-9119-4F17-AB81-C4030C55CB99}.Debug|Any CPU.Build.0 = Debug|Any CPU
		{499C7742-9119-4F17-AB81-C4030C55CB99}.Release|Any CPU.ActiveCfg = Release|Any CPU
		{499C7742-9119-4F17-AB81-C4030C55CB99}.Release|Any CPU.Build.0 = Release|Any CPU
		{31B57BF0-FEA1-483F-BB6E-84C773FDAD1D}.Debug|Any CPU.ActiveCfg = Debug|Any CPU
		{31B57BF0-FEA1-483F-BB6E-84C773FDAD1D}.Debug|Any CPU.Build.0 = Debug|Any CPU
		{31B57BF0-FEA1-483F-BB6E-84C773FDAD1D}.Release|Any CPU.ActiveCfg = Release|Any CPU
		{31B57BF0-FEA1-483F-BB6E-84C773FDAD1D}.Release|Any CPU.Build.0 = Release|Any CPU
		{C128B775-4945-4CD6-BED0-CE2C9935671F}.Debug|Any CPU.ActiveCfg = Debug|Any CPU
		{C128B775-4945-4CD6-BED0-CE2C9935671F}.Debug|Any CPU.Build.0 = Debug|Any CPU
		{C128B775-4945-4CD6-BED0-CE2C9935671F}.Release|Any CPU.ActiveCfg = Release|Any CPU
		{C128B775-4945-4CD6-BED0-CE2C9935671F}.Release|Any CPU.Build.0 = Release|Any CPU
		{ED685EE3-E4D7-4A15-9D51-11CEEE72209B}.Debug|Any CPU.ActiveCfg = Debug|Any CPU
		{ED685EE3-E4D7-4A15-9D51-11CEEE72209B}.Debug|Any CPU.Build.0 = Debug|Any CPU
		{ED685EE3-E4D7-4A15-9D51-11CEEE72209B}.Release|Any CPU.ActiveCfg = Release|Any CPU
		{ED685EE3-E4D7-4A15-9D51-11CEEE72209B}.Release|Any CPU.Build.0 = Release|Any CPU
		{D846CDFA-B340-419E-AD07-0B6399E1D751}.Debug|Any CPU.ActiveCfg = Debug|Any CPU
		{D846CDFA-B340-419E-AD07-0B6399E1D751}.Debug|Any CPU.Build.0 = Debug|Any CPU
		{D846CDFA-B340-419E-AD07-0B6399E1D751}.Release|Any CPU.ActiveCfg = Release|Any CPU
		{D846CDFA-B340-419E-AD07-0B6399E1D751}.Release|Any CPU.Build.0 = Release|Any CPU
		{C4F833A3-6749-4B91-A6A2-92C9E454D4DB}.Debug|Any CPU.ActiveCfg = Debug|Any CPU
		{C4F833A3-6749-4B91-A6A2-92C9E454D4DB}.Debug|Any CPU.Build.0 = Debug|Any CPU
		{C4F833A3-6749-4B91-A6A2-92C9E454D4DB}.Release|Any CPU.ActiveCfg = Release|Any CPU
		{C4F833A3-6749-4B91-A6A2-92C9E454D4DB}.Release|Any CPU.Build.0 = Release|Any CPU
		{9BAED29B-505D-4E0C-AADA-13CCE2592372}.Debug|Any CPU.ActiveCfg = Debug|Any CPU
		{9BAED29B-505D-4E0C-AADA-13CCE2592372}.Debug|Any CPU.Build.0 = Debug|Any CPU
		{9BAED29B-505D-4E0C-AADA-13CCE2592372}.Release|Any CPU.ActiveCfg = Release|Any CPU
		{9BAED29B-505D-4E0C-AADA-13CCE2592372}.Release|Any CPU.Build.0 = Release|Any CPU
		{6A761D4D-F7CE-40DC-B25E-2D2ADD8B0913}.Debug|Any CPU.ActiveCfg = Debug|Any CPU
		{6A761D4D-F7CE-40DC-B25E-2D2ADD8B0913}.Debug|Any CPU.Build.0 = Debug|Any CPU
		{6A761D4D-F7CE-40DC-B25E-2D2ADD8B0913}.Release|Any CPU.ActiveCfg = Release|Any CPU
		{6A761D4D-F7CE-40DC-B25E-2D2ADD8B0913}.Release|Any CPU.Build.0 = Release|Any CPU
		{E91C4F06-EEC6-4294-930E-5C39F8755FBC}.Debug|Any CPU.ActiveCfg = Debug|Any CPU
		{E91C4F06-EEC6-4294-930E-5C39F8755FBC}.Debug|Any CPU.Build.0 = Debug|Any CPU
		{E91C4F06-EEC6-4294-930E-5C39F8755FBC}.Release|Any CPU.ActiveCfg = Release|Any CPU
		{E91C4F06-EEC6-4294-930E-5C39F8755FBC}.Release|Any CPU.Build.0 = Release|Any CPU
		{7F720F70-D315-4F8D-8F0A-D6F73656D468}.Debug|Any CPU.ActiveCfg = Debug|Any CPU
		{7F720F70-D315-4F8D-8F0A-D6F73656D468}.Debug|Any CPU.Build.0 = Debug|Any CPU
		{7F720F70-D315-4F8D-8F0A-D6F73656D468}.Release|Any CPU.ActiveCfg = Release|Any CPU
		{7F720F70-D315-4F8D-8F0A-D6F73656D468}.Release|Any CPU.Build.0 = Release|Any CPU
		{55A42EC1-20CD-4872-A402-89F9FCFF5DDE}.Debug|Any CPU.ActiveCfg = Debug|Any CPU
		{55A42EC1-20CD-4872-A402-89F9FCFF5DDE}.Debug|Any CPU.Build.0 = Debug|Any CPU
		{55A42EC1-20CD-4872-A402-89F9FCFF5DDE}.Release|Any CPU.ActiveCfg = Release|Any CPU
		{55A42EC1-20CD-4872-A402-89F9FCFF5DDE}.Release|Any CPU.Build.0 = Release|Any CPU
		{7ADE72F0-5F43-4ABB-B278-AD10983F78B6}.Debug|Any CPU.ActiveCfg = Debug|Any CPU
		{7ADE72F0-5F43-4ABB-B278-AD10983F78B6}.Debug|Any CPU.Build.0 = Debug|Any CPU
		{7ADE72F0-5F43-4ABB-B278-AD10983F78B6}.Release|Any CPU.ActiveCfg = Release|Any CPU
		{7ADE72F0-5F43-4ABB-B278-AD10983F78B6}.Release|Any CPU.Build.0 = Release|Any CPU
		{A0030510-F385-4B3B-B4E9-79CC51F33192}.Debug|Any CPU.ActiveCfg = Debug|Any CPU
		{A0030510-F385-4B3B-B4E9-79CC51F33192}.Debug|Any CPU.Build.0 = Debug|Any CPU
		{A0030510-F385-4B3B-B4E9-79CC51F33192}.Release|Any CPU.ActiveCfg = Release|Any CPU
		{A0030510-F385-4B3B-B4E9-79CC51F33192}.Release|Any CPU.Build.0 = Release|Any CPU
	EndGlobalSection
	GlobalSection(SolutionProperties) = preSolution
		HideSolutionNode = FALSE
	EndGlobalSection
	GlobalSection(ExtensibilityGlobals) = postSolution
		SolutionGuid = {8113AEFE-493B-4BA9-AF5F-3425D3656997}
	EndGlobalSection
EndGlobal
